
Microsoft Visual Studio Solution File, Format Version 12.00
# Visual Studio Version 17
VisualStudioVersion = 17.8.34511.84
MinimumVisualStudioVersion = 10.0.40219.1
Project("{9A19103F-16F7-4668-BE54-9A1E7A4F7556}") = "AreaofCircle", "AreaofCircle.csproj", "{5750D525-4777-42AF-BF29-635F5CDC7992}"
EndProject
Global
	GlobalSection(SolutionConfigurationPlatforms) = preSolution
		Debug|Any CPU = Debug|Any CPU
		Release|Any CPU = Release|Any CPU
	EndGlobalSection
	GlobalSection(ProjectConfigurationPlatforms) = postSolution
		{5750D525-4777-42AF-BF29-635F5CDC7992}.Debug|Any CPU.ActiveCfg = Debug|Any CPU
		{5750D525-4777-42AF-BF29-635F5CDC7992}.Debug|Any CPU.Build.0 = Debug|Any CPU
		{5750D525-4777-42AF-BF29-635F5CDC7992}.Release|Any CPU.ActiveCfg = Release|Any CPU
		{5750D525-4777-42AF-BF29-635F5CDC7992}.Release|Any CPU.Build.0 = Release|Any CPU
	EndGlobalSection
	GlobalSection(SolutionProperties) = preSolution
		HideSolutionNode = FALSE
	EndGlobalSection
	GlobalSection(ExtensibilityGlobals) = postSolution
		SolutionGuid = {51813862-6D59-436F-9728-70416D17860E}
	EndGlobalSection
EndGlobal
